
Microsoft Visual Studio Solution File, Format Version 12.00
# Visual Studio Version 17
VisualStudioVersion = 17.11.35222.181
MinimumVisualStudioVersion = 10.0.40219.1
Project("{FAE04EC0-301F-11D3-BF4B-00C04F79EFBC}") = "LANChatClient", "LANChatClient\LANChatClient.csproj", "{A70C320E-CD5B-4C00-9641-EDDC59F11D14}"
EndProject
Global
	GlobalSection(SolutionConfigurationPlatforms) = preSolution
		Debug|Any CPU = Debug|Any CPU
		Release|Any CPU = Release|Any CPU
	EndGlobalSection
	GlobalSection(ProjectConfigurationPlatforms) = postSolution
		{A70C320E-CD5B-4C00-9641-EDDC59F11D14}.Debug|Any CPU.ActiveCfg = Debug|Any CPU
		{A70C320E-CD5B-4C00-9641-EDDC59F11D14}.Debug|Any CPU.Build.0 = Debug|Any CPU
		{A70C320E-CD5B-4C00-9641-EDDC59F11D14}.Release|Any CPU.ActiveCfg = Release|Any CPU
		{A70C320E-CD5B-4C00-9641-EDDC59F11D14}.Release|Any CPU.Build.0 = Release|Any CPU
	EndGlobalSection
	GlobalSection(SolutionProperties) = preSolution
		HideSolutionNode = FALSE
	EndGlobalSection
	GlobalSection(ExtensibilityGlobals) = postSolution
		SolutionGuid = {9CACAE00-DF4C-4892-9414-83DD2F924FC4}
	EndGlobalSection
EndGlobal
